
Microsoft Visual Studio Solution File, Format Version 12.00
# Visual Studio 15
VisualStudioVersion = 15.0.28010.2019
MinimumVisualStudioVersion = 10.0.40219.1
Project("{FAE04EC0-301F-11D3-BF4B-00C04F79EFBC}") = "EFsamples", "EFsamples\EFsamples.csproj", "{25C9F852-E686-4014-B902-20C94040903F}"
EndProject
Project("{FAE04EC0-301F-11D3-BF4B-00C04F79EFBC}") = "CodeFirstMigrations", "CodeFirstMigrations\CodeFirstMigrations.csproj", "{95730FAA-1C7C-456F-94E6-E45F79664940}"
EndProject
Project("{FAE04EC0-301F-11D3-BF4B-00C04F79EFBC}") = "AutomaticMigrations", "AutomaticMigrations\AutomaticMigrations.csproj", "{FF8886E3-5332-4630-B226-2F8489AA05A8}"
EndProject
Project("{FAE04EC0-301F-11D3-BF4B-00C04F79EFBC}") = "LoadingRelatedEntities", "LoadingRelatedEntities\LoadingRelatedEntities.csproj", "{E943A994-FFE6-47EB-BA2B-5F64C22D39E7}"
EndProject
Global
	GlobalSection(SolutionConfigurationPlatforms) = preSolution
		Debug|Any CPU = Debug|Any CPU
		Release|Any CPU = Release|Any CPU
	EndGlobalSection
	GlobalSection(ProjectConfigurationPlatforms) = postSolution
		{25C9F852-E686-4014-B902-20C94040903F}.Debug|Any CPU.ActiveCfg = Debug|Any CPU
		{25C9F852-E686-4014-B902-20C94040903F}.Debug|Any CPU.Build.0 = Debug|Any CPU
		{25C9F852-E686-4014-B902-20C94040903F}.Release|Any CPU.ActiveCfg = Release|Any CPU
		{25C9F852-E686-4014-B902-20C94040903F}.Release|Any CPU.Build.0 = Release|Any CPU
		{95730FAA-1C7C-456F-94E6-E45F79664940}.Debug|Any CPU.ActiveCfg = Debug|Any CPU
		{95730FAA-1C7C-456F-94E6-E45F79664940}.Debug|Any CPU.Build.0 = Debug|Any CPU
		{95730FAA-1C7C-456F-94E6-E45F79664940}.Release|Any CPU.ActiveCfg = Release|Any CPU
		{95730FAA-1C7C-456F-94E6-E45F79664940}.Release|Any CPU.Build.0 = Release|Any CPU
		{FF8886E3-5332-4630-B226-2F8489AA05A8}.Debug|Any CPU.ActiveCfg = Debug|Any CPU
		{FF8886E3-5332-4630-B226-2F8489AA05A8}.Debug|Any CPU.Build.0 = Debug|Any CPU
		{FF8886E3-5332-4630-B226-2F8489AA05A8}.Release|Any CPU.ActiveCfg = Release|Any CPU
		{FF8886E3-5332-4630-B226-2F8489AA05A8}.Release|Any CPU.Build.0 = Release|Any CPU
		{E943A994-FFE6-47EB-BA2B-5F64C22D39E7}.Debug|Any CPU.ActiveCfg = Debug|Any CPU
		{E943A994-FFE6-47EB-BA2B-5F64C22D39E7}.Debug|Any CPU.Build.0 = Debug|Any CPU
		{E943A994-FFE6-47EB-BA2B-5F64C22D39E7}.Release|Any CPU.ActiveCfg = Release|Any CPU
		{E943A994-FFE6-47EB-BA2B-5F64C22D39E7}.Release|Any CPU.Build.0 = Release|Any CPU
	EndGlobalSection
	GlobalSection(SolutionProperties) = preSolution
		HideSolutionNode = FALSE
	EndGlobalSection
	GlobalSection(ExtensibilityGlobals) = postSolution
		SolutionGuid = {44A66554-D902-4EDE-8109-D51E7B0FBD7E}
	EndGlobalSection
EndGlobal
